
Microsoft Visual Studio Solution File, Format Version 12.00
# Visual Studio Version 16
VisualStudioVersion = 16.0.29709.97
MinimumVisualStudioVersion = 10.0.40219.1
Project("{FAE04EC0-301F-11D3-BF4B-00C04F79EFBC}") = "BookReader", "BookReader\BookReader.csproj", "{373F50BB-A949-4ABB-ACF7-B7F4BD301F7A}"
EndProject
Project("{FAE04EC0-301F-11D3-BF4B-00C04F79EFBC}") = "BookReader.Data", "BookReader.Data\BookReader.Data.csproj", "{26305C7B-65D3-4DB4-AE5D-F4D6D4463030}"
EndProject
Project("{FAE04EC0-301F-11D3-BF4B-00C04F79EFBC}") = "BookReaderManager.Business", "BookReaderManager.Business\BookReaderManager.Business.csproj", "{C3552A04-EE28-4CC0-BEB5-1354C58D4F95}"
EndProject
Global
	GlobalSection(SolutionConfigurationPlatforms) = preSolution
		Debug|Any CPU = Debug|Any CPU
		Release|Any CPU = Release|Any CPU
	EndGlobalSection
	GlobalSection(ProjectConfigurationPlatforms) = postSolution
		{373F50BB-A949-4ABB-ACF7-B7F4BD301F7A}.Debug|Any CPU.ActiveCfg = Debug|Any CPU
		{373F50BB-A949-4ABB-ACF7-B7F4BD301F7A}.Debug|Any CPU.Build.0 = Debug|Any CPU
		{373F50BB-A949-4ABB-ACF7-B7F4BD301F7A}.Release|Any CPU.ActiveCfg = Release|Any CPU
		{373F50BB-A949-4ABB-ACF7-B7F4BD301F7A}.Release|Any CPU.Build.0 = Release|Any CPU
		{26305C7B-65D3-4DB4-AE5D-F4D6D4463030}.Debug|Any CPU.ActiveCfg = Debug|Any CPU
		{26305C7B-65D3-4DB4-AE5D-F4D6D4463030}.Debug|Any CPU.Build.0 = Debug|Any CPU
		{26305C7B-65D3-4DB4-AE5D-F4D6D4463030}.Release|Any CPU.ActiveCfg = Release|Any CPU
		{26305C7B-65D3-4DB4-AE5D-F4D6D4463030}.Release|Any CPU.Build.0 = Release|Any CPU
		{C3552A04-EE28-4CC0-BEB5-1354C58D4F95}.Debug|Any CPU.ActiveCfg = Debug|Any CPU
		{C3552A04-EE28-4CC0-BEB5-1354C58D4F95}.Debug|Any CPU.Build.0 = Debug|Any CPU
		{C3552A04-EE28-4CC0-BEB5-1354C58D4F95}.Release|Any CPU.ActiveCfg = Release|Any CPU
		{C3552A04-EE28-4CC0-BEB5-1354C58D4F95}.Release|Any CPU.Build.0 = Release|Any CPU
	EndGlobalSection
	GlobalSection(SolutionProperties) = preSolution
		HideSolutionNode = FALSE
	EndGlobalSection
	GlobalSection(ExtensibilityGlobals) = postSolution
		SolutionGuid = {012BE79D-8D81-437C-9C2B-5E013164F213}
	EndGlobalSection
EndGlobal
